// !$*UTF8*$!
{
	archiveVersion = 1;
	classes = {
	};
	objectVersion = 46;
	objects = {

/* Begin PBXBuildFile section */
		5746FFFB1B2DAC4C0079C385 /* ToastAlertView.m in Sources */ = {isa = PBXBuildFile; fileRef = 5746FFFA1B2DAC4C0079C385 /* ToastAlertView.m */; };
		57A8D3D71B259D0300A46ED1 /* AudioToolbox.framework in Frameworks */ = {isa = PBXBuildFile; fileRef = 57A8D3D61B259D0300A46ED1 /* AudioToolbox.framework */; };
		57A8D3DA1B259D1D00A46ED1 /* 1.wav in Resources */ = {isa = PBXBuildFile; fileRef = 57A8D3D91B259D1D00A46ED1 /* 1.wav */; };
		57E944C11B20A69800FDC462 /* DwfmsSegue.m in Sources */ = {isa = PBXBuildFile; fileRef = 57E944BD1B20A69800FDC462 /* DwfmsSegue.m */; };
		57E944C21B20A69800FDC462 /* CameraViewController.m in Sources */ = {isa = PBXBuildFile; fileRef = 57E944BF1B20A69800FDC462 /* CameraViewController.m */; };
		57E944C71B20A6BC00FDC462 /* QRCodeScanLine@2x.png in Resources */ = {isa = PBXBuildFile; fileRef = 57E944C41B20A6BC00FDC462 /* QRCodeScanLine@2x.png */; };
		57E944C81B20A6BC00FDC462 /* ZIINQRCodeReaderView.m in Sources */ = {isa = PBXBuildFile; fileRef = 57E944C61B20A6BC00FDC462 /* ZIINQRCodeReaderView.m */; };
		57E944CB1B20A6CF00FDC462 /* Icon.png in Resources */ = {isa = PBXBuildFile; fileRef = 57E944CA1B20A6CF00FDC462 /* Icon.png */; };
		57E944D41B20A6EA00FDC462 /* CallServer.m in Sources */ = {isa = PBXBuildFile; fileRef = 57E944CD1B20A6EA00FDC462 /* CallServer.m */; };
		57E944D51B20A6EA00FDC462 /* GlobalData.m in Sources */ = {isa = PBXBuildFile; fileRef = 57E944CF1B20A6EA00FDC462 /* GlobalData.m */; };
		57E944D61B20A6EA00FDC462 /* GlobalDataManager.m in Sources */ = {isa = PBXBuildFile; fileRef = 57E944D11B20A6EA00FDC462 /* GlobalDataManager.m */; };
		57E944D71B20A6EA00FDC462 /* Commonutil.m in Sources */ = {isa = PBXBuildFile; fileRef = 57E944D31B20A6EA00FDC462 /* Commonutil.m */; };
		57EF537A1B1DF68700575688 /* main.m in Sources */ = {isa = PBXBuildFile; fileRef = 57EF53791B1DF68700575688 /* main.m */; };
		57EF537D1B1DF68700575688 /* AppDelegate.m in Sources */ = {isa = PBXBuildFile; fileRef = 57EF537C1B1DF68700575688 /* AppDelegate.m */; };
		57EF53801B1DF68700575688 /* ViewController.m in Sources */ = {isa = PBXBuildFile; fileRef = 57EF537F1B1DF68700575688 /* ViewController.m */; };
		57EF53831B1DF68700575688 /* Main.storyboard in Resources */ = {isa = PBXBuildFile; fileRef = 57EF53811B1DF68700575688 /* Main.storyboard */; };
		57EF53851B1DF68700575688 /* Images.xcassets in Resources */ = {isa = PBXBuildFile; fileRef = 57EF53841B1DF68700575688 /* Images.xcassets */; };
		57EF53881B1DF68700575688 /* LaunchScreen.xib in Resources */ = {isa = PBXBuildFile; fileRef = 57EF53861B1DF68700575688 /* LaunchScreen.xib */; };
		57EF53941B1DF68800575688 /* DWFMS_MEMBERTests.m in Sources */ = {isa = PBXBuildFile; fileRef = 57EF53931B1DF68800575688 /* DWFMS_MEMBERTests.m */; };
/* End PBXBuildFile section */

/* Begin PBXContainerItemProxy section */
		57EF538E1B1DF68800575688 /* PBXContainerItemProxy */ = {
			isa = PBXContainerItemProxy;
			containerPortal = 57EF536C1B1DF68700575688 /* Project object */;
			proxyType = 1;
			remoteGlobalIDString = 57EF53731B1DF68700575688;
			remoteInfo = DWFMS_MEMBER;
		};
/* End PBXContainerItemProxy section */

/* Begin PBXFileReference section */
		5746FFF91B2DAC4C0079C385 /* ToastAlertView.h */ = {isa = PBXFileReference; fileEncoding = 4; lastKnownFileType = sourcecode.c.h; path = ToastAlertView.h; sourceTree = "<group>"; };
		5746FFFA1B2DAC4C0079C385 /* ToastAlertView.m */ = {isa = PBXFileReference; fileEncoding = 4; lastKnownFileType = sourcecode.c.objc; path = ToastAlertView.m; sourceTree = "<group>"; };
		57A8D3D61B259D0300A46ED1 /* AudioToolbox.framework */ = {isa = PBXFileReference; lastKnownFileType = wrapper.framework; name = AudioToolbox.framework; path = System/Library/Frameworks/AudioToolbox.framework; sourceTree = SDKROOT; };
		57A8D3D91B259D1D00A46ED1 /* 1.wav */ = {isa = PBXFileReference; lastKnownFileType = audio.wav; path = 1.wav; sourceTree = "<group>"; };
		57E944BD1B20A69800FDC462 /* DwfmsSegue.m */ = {isa = PBXFileReference; fileEncoding = 4; lastKnownFileType = sourcecode.c.objc; path = DwfmsSegue.m; sourceTree = "<group>"; };
		57E944BE1B20A69800FDC462 /* DwfmsSegue.h */ = {isa = PBXFileReference; fileEncoding = 4; lastKnownFileType = sourcecode.c.h; path = DwfmsSegue.h; sourceTree = "<group>"; };
		57E944BF1B20A69800FDC462 /* CameraViewController.m */ = {isa = PBXFileReference; fileEncoding = 4; lastKnownFileType = sourcecode.c.objc; path = CameraViewController.m; sourceTree = "<group>"; };
		57E944C01B20A69800FDC462 /* CameraViewController.h */ = {isa = PBXFileReference; fileEncoding = 4; lastKnownFileType = sourcecode.c.h; path = CameraViewController.h; sourceTree = "<group>"; };
		57E944C41B20A6BC00FDC462 /* QRCodeScanLine@2x.png */ = {isa = PBXFileReference; lastKnownFileType = image.png; path = "QRCodeScanLine@2x.png"; sourceTree = "<group>"; };
		57E944C51B20A6BC00FDC462 /* ZIINQRCodeReaderView.h */ = {isa = PBXFileReference; fileEncoding = 4; lastKnownFileType = sourcecode.c.h; path = ZIINQRCodeReaderView.h; sourceTree = "<group>"; };
		57E944C61B20A6BC00FDC462 /* ZIINQRCodeReaderView.m */ = {isa = PBXFileReference; fileEncoding = 4; lastKnownFileType = sourcecode.c.objc; path = ZIINQRCodeReaderView.m; sourceTree = "<group>"; };
		57E944CA1B20A6CF00FDC462 /* Icon.png */ = {isa = PBXFileReference; lastKnownFileType = image.png; path = Icon.png; sourceTree = "<group>"; };
		57E944CC1B20A6EA00FDC462 /* CallServer.h */ = {isa = PBXFileReference; fileEncoding = 4; lastKnownFileType = sourcecode.c.h; path = CallServer.h; sourceTree = "<group>"; };
		57E944CD1B20A6EA00FDC462 /* CallServer.m */ = {isa = PBXFileReference; fileEncoding = 4; lastKnownFileType = sourcecode.c.objc; path = CallServer.m; sourceTree = "<group>"; };
		57E944CE1B20A6EA00FDC462 /* GlobalData.h */ = {isa = PBXFileReference; fileEncoding = 4; lastKnownFileType = sourcecode.c.h; path = GlobalData.h; sourceTree = "<group>"; };
		57E944CF1B20A6EA00FDC462 /* GlobalData.m */ = {isa = PBXFileReference; fileEncoding = 4; lastKnownFileType = sourcecode.c.objc; path = GlobalData.m; sourceTree = "<group>"; };
		57E944D01B20A6EA00FDC462 /* GlobalDataManager.h */ = {isa = PBXFileReference; fileEncoding = 4; lastKnownFileType = sourcecode.c.h; path = GlobalDataManager.h; sourceTree = "<group>"; };
		57E944D11B20A6EA00FDC462 /* GlobalDataManager.m */ = {isa = PBXFileReference; fileEncoding = 4; lastKnownFileType = sourcecode.c.objc; path = GlobalDataManager.m; sourceTree = "<group>"; };
		57E944D21B20A6EA00FDC462 /* Commonutil.h */ = {isa = PBXFileReference; fileEncoding = 4; lastKnownFileType = sourcecode.c.h; path = Commonutil.h; sourceTree = "<group>"; };
		57E944D31B20A6EA00FDC462 /* Commonutil.m */ = {isa = PBXFileReference; fileEncoding = 4; lastKnownFileType = sourcecode.c.objc; path = Commonutil.m; sourceTree = "<group>"; };
		57EF53741B1DF68700575688 /* DWFMS_MEMBER.app */ = {isa = PBXFileReference; explicitFileType = wrapper.application; includeInIndex = 0; path = DWFMS_MEMBER.app; sourceTree = BUILT_PRODUCTS_DIR; };
		57EF53781B1DF68700575688 /* Info.plist */ = {isa = PBXFileReference; lastKnownFileType = text.plist.xml; path = Info.plist; sourceTree = "<group>"; };
		57EF53791B1DF68700575688 /* main.m */ = {isa = PBXFileReference; lastKnownFileType = sourcecode.c.objc; path = main.m; sourceTree = "<group>"; };
		57EF537B1B1DF68700575688 /* AppDelegate.h */ = {isa = PBXFileReference; lastKnownFileType = sourcecode.c.h; path = AppDelegate.h; sourceTree = "<group>"; };
		57EF537C1B1DF68700575688 /* AppDelegate.m */ = {isa = PBXFileReference; lastKnownFileType = sourcecode.c.objc; path = AppDelegate.m; sourceTree = "<group>"; };
		57EF537E1B1DF68700575688 /* ViewController.h */ = {isa = PBXFileReference; lastKnownFileType = sourcecode.c.h; path = ViewController.h; sourceTree = "<group>"; };
		57EF537F1B1DF68700575688 /* ViewController.m */ = {isa = PBXFileReference; lastKnownFileType = sourcecode.c.objc; path = ViewController.m; sourceTree = "<group>"; };
		57EF53821B1DF68700575688 /* Base */ = {isa = PBXFileReference; lastKnownFileType = file.storyboard; name = Base; path = Base.lproj/Main.storyboard; sourceTree = "<group>"; };
		57EF53841B1DF68700575688 /* Images.xcassets */ = {isa = PBXFileReference; lastKnownFileType = folder.assetcatalog; path = Images.xcassets; sourceTree = "<group>"; };
		57EF53871B1DF68700575688 /* Base */ = {isa = PBXFileReference; lastKnownFileType = file.xib; name = Base; path = Base.lproj/LaunchScreen.xib; sourceTree = "<group>"; };
		57EF538D1B1DF68800575688 /* DWFMS_MEMBERTests.xctest */ = {isa = PBXFileReference; explicitFileType = wrapper.cfbundle; includeInIndex = 0; path = DWFMS_MEMBERTests.xctest; sourceTree = BUILT_PRODUCTS_DIR; };
		57EF53921B1DF68800575688 /* Info.plist */ = {isa = PBXFileReference; lastKnownFileType = text.plist.xml; path = Info.plist; sourceTree = "<group>"; };
		57EF53931B1DF68800575688 /* DWFMS_MEMBERTests.m */ = {isa = PBXFileReference; lastKnownFileType = sourcecode.c.objc; path = DWFMS_MEMBERTests.m; sourceTree = "<group>"; };
/* End PBXFileReference section */

/* Begin PBXFrameworksBuildPhase section */
		57EF53711B1DF68700575688 /* Frameworks */ = {
			isa = PBXFrameworksBuildPhase;
			buildActionMask = 2147483647;
			files = (
				57A8D3D71B259D0300A46ED1 /* AudioToolbox.framework in Frameworks */,
			);
			runOnlyForDeploymentPostprocessing = 0;
		};
		57EF538A1B1DF68800575688 /* Frameworks */ = {
			isa = PBXFrameworksBuildPhase;
			buildActionMask = 2147483647;
			files = (
			);
			runOnlyForDeploymentPostprocessing = 0;
		};
/* End PBXFrameworksBuildPhase section */

/* Begin PBXGroup section */
		57A8D3D81B259D0900A46ED1 /* resource */ = {
			isa = PBXGroup;
			children = (
				57A8D3D91B259D1D00A46ED1 /* 1.wav */,
			);
			name = resource;
			sourceTree = "<group>";
		};
		57E944C31B20A6AE00FDC462 /* ZIINQRCodeReadView */ = {
			isa = PBXGroup;
			children = (
				57E944C41B20A6BC00FDC462 /* QRCodeScanLine@2x.png */,
				57E944C51B20A6BC00FDC462 /* ZIINQRCodeReaderView.h */,
				57E944C61B20A6BC00FDC462 /* ZIINQRCodeReaderView.m */,
			);
			name = ZIINQRCodeReadView;
			sourceTree = "<group>";
		};
		57E944C91B20A6C400FDC462 /* image */ = {
			isa = PBXGroup;
			children = (
				57E944CA1B20A6CF00FDC462 /* Icon.png */,
			);
			name = image;
			sourceTree = "<group>";
		};
		57EF536B1B1DF68700575688 = {
			isa = PBXGroup;
			children = (
				57A8D3D61B259D0300A46ED1 /* AudioToolbox.framework */,
				57EF53761B1DF68700575688 /* DWFMS_MEMBER */,
				57EF53901B1DF68800575688 /* DWFMS_MEMBERTests */,
				57EF53751B1DF68700575688 /* Products */,
			);
			sourceTree = "<group>";
		};
		57EF53751B1DF68700575688 /* Products */ = {
			isa = PBXGroup;
			children = (
				57EF53741B1DF68700575688 /* DWFMS_MEMBER.app */,
				57EF538D1B1DF68800575688 /* DWFMS_MEMBERTests.xctest */,
			);
			name = Products;
			sourceTree = "<group>";
		};
		57EF53761B1DF68700575688 /* DWFMS_MEMBER */ = {
			isa = PBXGroup;
			children = (
				57A8D3D81B259D0900A46ED1 /* resource */,
				57E944BD1B20A69800FDC462 /* DwfmsSegue.m */,
				57E944BE1B20A69800FDC462 /* DwfmsSegue.h */,
				57E944BF1B20A69800FDC462 /* CameraViewController.m */,
				57E944C01B20A69800FDC462 /* CameraViewController.h */,
				57E944C31B20A6AE00FDC462 /* ZIINQRCodeReadView */,
				57E944C91B20A6C400FDC462 /* image */,
				57EF537B1B1DF68700575688 /* AppDelegate.h */,
				57EF537C1B1DF68700575688 /* AppDelegate.m */,
				57EF537E1B1DF68700575688 /* ViewController.h */,
				57EF537F1B1DF68700575688 /* ViewController.m */,
				57EF53811B1DF68700575688 /* Main.storyboard */,
				57EF53841B1DF68700575688 /* Images.xcassets */,
				57EF53861B1DF68700575688 /* LaunchScreen.xib */,
				57E944CC1B20A6EA00FDC462 /* CallServer.h */,
				57E944CD1B20A6EA00FDC462 /* CallServer.m */,
				57E944CE1B20A6EA00FDC462 /* GlobalData.h */,
				57E944CF1B20A6EA00FDC462 /* GlobalData.m */,
				57E944D01B20A6EA00FDC462 /* GlobalDataManager.h */,
				57E944D11B20A6EA00FDC462 /* GlobalDataManager.m */,
				57E944D21B20A6EA00FDC462 /* Commonutil.h */,
				57E944D31B20A6EA00FDC462 /* Commonutil.m */,
				5746FFF91B2DAC4C0079C385 /* ToastAlertView.h */,
				5746FFFA1B2DAC4C0079C385 /* ToastAlertView.m */,
				57EF53771B1DF68700575688 /* Supporting Files */,
			);
			path = DWFMS_MEMBER;
			sourceTree = "<group>";
		};
		57EF53771B1DF68700575688 /* Supporting Files */ = {
			isa = PBXGroup;
			children = (
				57EF53781B1DF68700575688 /* Info.plist */,
				57EF53791B1DF68700575688 /* main.m */,
			);
			name = "Supporting Files";
			sourceTree = "<group>";
		};
		57EF53901B1DF68800575688 /* DWFMS_MEMBERTests */ = {
			isa = PBXGroup;
			children = (
				57EF53931B1DF68800575688 /* DWFMS_MEMBERTests.m */,
				57EF53911B1DF68800575688 /* Supporting Files */,
			);
			path = DWFMS_MEMBERTests;
			sourceTree = "<group>";
		};
		57EF53911B1DF68800575688 /* Supporting Files */ = {
			isa = PBXGroup;
			children = (
				57EF53921B1DF68800575688 /* Info.plist */,
			);
			name = "Supporting Files";
			sourceTree = "<group>";
		};
/* End PBXGroup section */

/* Begin PBXNativeTarget section */
		57EF53731B1DF68700575688 /* DWFMS_MEMBER */ = {
			isa = PBXNativeTarget;
			buildConfigurationList = 57EF53971B1DF68800575688 /* Build configuration list for PBXNativeTarget "DWFMS_MEMBER" */;
			buildPhases = (
				57EF53701B1DF68700575688 /* Sources */,
				57EF53711B1DF68700575688 /* Frameworks */,
				57EF53721B1DF68700575688 /* Resources */,
			);
			buildRules = (
			);
			dependencies = (
			);
			name = DWFMS_MEMBER;
			productName = DWFMS_MEMBER;
			productReference = 57EF53741B1DF68700575688 /* DWFMS_MEMBER.app */;
			productType = "com.apple.product-type.application";
		};
		57EF538C1B1DF68800575688 /* DWFMS_MEMBERTests */ = {
			isa = PBXNativeTarget;
			buildConfigurationList = 57EF539A1B1DF68800575688 /* Build configuration list for PBXNativeTarget "DWFMS_MEMBERTests" */;
			buildPhases = (
				57EF53891B1DF68800575688 /* Sources */,
				57EF538A1B1DF68800575688 /* Frameworks */,
				57EF538B1B1DF68800575688 /* Resources */,
			);
			buildRules = (
			);
			dependencies = (
				57EF538F1B1DF68800575688 /* PBXTargetDependency */,
			);
			name = DWFMS_MEMBERTests;
			productName = DWFMS_MEMBERTests;
			productReference = 57EF538D1B1DF68800575688 /* DWFMS_MEMBERTests.xctest */;
			productType = "com.apple.product-type.bundle.unit-test";
		};
/* End PBXNativeTarget section */

/* Begin PBXProject section */
		57EF536C1B1DF68700575688 /* Project object */ = {
			isa = PBXProject;
			attributes = {
				LastUpgradeCheck = 0630;
				ORGANIZATIONNAME = dwni;
				TargetAttributes = {
					57EF53731B1DF68700575688 = {
						CreatedOnToolsVersion = 6.3.2;
						SystemCapabilities = {
							com.apple.BackgroundModes = {
								enabled = 1;
							};
						};
					};
					57EF538C1B1DF68800575688 = {
						CreatedOnToolsVersion = 6.3.2;
						TestTargetID = 57EF53731B1DF68700575688;
					};
				};
			};
			buildConfigurationList = 57EF536F1B1DF68700575688 /* Build configuration list for PBXProject "DWFMS_MEMBER" */;
			compatibilityVersion = "Xcode 3.2";
			developmentRegion = English;
			hasScannedForEncodings = 0;
			knownRegions = (
				en,
				Base,
			);
			mainGroup = 57EF536B1B1DF68700575688;
			productRefGroup = 57EF53751B1DF68700575688 /* Products */;
			projectDirPath = "";
			projectRoot = "";
			targets = (
				57EF53731B1DF68700575688 /* DWFMS_MEMBER */,
				57EF538C1B1DF68800575688 /* DWFMS_MEMBERTests */,
			);
		};
/* End PBXProject section */

/* Begin PBXResourcesBuildPhase section */
		57EF53721B1DF68700575688 /* Resources */ = {
			isa = PBXResourcesBuildPhase;
			buildActionMask = 2147483647;
			files = (
				57EF53831B1DF68700575688 /* Main.storyboard in Resources */,
				57E944C71B20A6BC00FDC462 /* QRCodeScanLine@2x.png in Resources */,
				57E944CB1B20A6CF00FDC462 /* Icon.png in Resources */,
				57EF53881B1DF68700575688 /* LaunchScreen.xib in Resources */,
				57EF53851B1DF68700575688 /* Images.xcassets in Resources */,
				57A8D3DA1B259D1D00A46ED1 /* 1.wav in Resources */,
			);
			runOnlyForDeploymentPostprocessing = 0;
		};
		57EF538B1B1DF68800575688 /* Resources */ = {
			isa = PBXResourcesBuildPhase;
			buildActionMask = 2147483647;
			files = (
			);
			runOnlyForDeploymentPostprocessing = 0;
		};
/* End PBXResourcesBuildPhase section */

/* Begin PBXSourcesBuildPhase section */
		57EF53701B1DF68700575688 /* Sources */ = {
			isa = PBXSourcesBuildPhase;
			buildActionMask = 2147483647;
			files = (
				57E944D71B20A6EA00FDC462 /* Commonutil.m in Sources */,
				57E944C21B20A69800FDC462 /* CameraViewController.m in Sources */,
				57E944D41B20A6EA00FDC462 /* CallServer.m in Sources */,
				57E944D51B20A6EA00FDC462 /* GlobalData.m in Sources */,
				57E944C81B20A6BC00FDC462 /* ZIINQRCodeReaderView.m in Sources */,
				57EF53801B1DF68700575688 /* ViewController.m in Sources */,
				57E944D61B20A6EA00FDC462 /* GlobalDataManager.m in Sources */,
				5746FFFB1B2DAC4C0079C385 /* ToastAlertView.m in Sources */,
				57E944C11B20A69800FDC462 /* DwfmsSegue.m in Sources */,
				57EF537D1B1DF68700575688 /* AppDelegate.m in Sources */,
				57EF537A1B1DF68700575688 /* main.m in Sources */,
			);
			runOnlyForDeploymentPostprocessing = 0;
		};
		57EF53891B1DF68800575688 /* Sources */ = {
			isa = PBXSourcesBuildPhase;
			buildActionMask = 2147483647;
			files = (
				57EF53941B1DF68800575688 /* DWFMS_MEMBERTests.m in Sources */,
			);
			runOnlyForDeploymentPostprocessing = 0;
		};
/* End PBXSourcesBuildPhase section */

/* Begin PBXTargetDependency section */
		57EF538F1B1DF68800575688 /* PBXTargetDependency */ = {
			isa = PBXTargetDependency;
			target = 57EF53731B1DF68700575688 /* DWFMS_MEMBER */;
			targetProxy = 57EF538E1B1DF68800575688 /* PBXContainerItemProxy */;
		};
/* End PBXTargetDependency section */

/* Begin PBXVariantGroup section */
		57EF53811B1DF68700575688 /* Main.storyboard */ = {
			isa = PBXVariantGroup;
			children = (
				57EF53821B1DF68700575688 /* Base */,
			);
			name = Main.storyboard;
			sourceTree = "<group>";
		};
		57EF53861B1DF68700575688 /* LaunchScreen.xib */ = {
			isa = PBXVariantGroup;
			children = (
				57EF53871B1DF68700575688 /* Base */,
			);
			name = LaunchScreen.xib;
			sourceTree = "<group>";
		};
/* End PBXVariantGroup section */

/* Begin XCBuildConfiguration section */
		57EF53951B1DF68800575688 /* Debug */ = {
			isa = XCBuildConfiguration;
			buildSettings = {
				ALWAYS_SEARCH_USER_PATHS = NO;
				CLANG_CXX_LANGUAGE_STANDARD = "gnu++0x";
				CLANG_CXX_LIBRARY = "libc++";
				CLANG_ENABLE_MODULES = YES;
				CLANG_ENABLE_OBJC_ARC = YES;
				CLANG_WARN_BOOL_CONVERSION = YES;
				CLANG_WARN_CONSTANT_CONVERSION = YES;
				CLANG_WARN_DIRECT_OBJC_ISA_USAGE = YES_ERROR;
				CLANG_WARN_EMPTY_BODY = YES;
				CLANG_WARN_ENUM_CONVERSION = YES;
				CLANG_WARN_INT_CONVERSION = YES;
				CLANG_WARN_OBJC_ROOT_CLASS = YES_ERROR;
				CLANG_WARN_UNREACHABLE_CODE = YES;
				CLANG_WARN__DUPLICATE_METHOD_MATCH = YES;
				"CODE_SIGN_IDENTITY[sdk=iphoneos*]" = "iPhone Developer";
				COPY_PHASE_STRIP = NO;
				DEBUG_INFORMATION_FORMAT = "dwarf-with-dsym";
				ENABLE_STRICT_OBJC_MSGSEND = YES;
				GCC_C_LANGUAGE_STANDARD = gnu99;
				GCC_DYNAMIC_NO_PIC = NO;
				GCC_NO_COMMON_BLOCKS = YES;
				GCC_OPTIMIZATION_LEVEL = 0;
				GCC_PREPROCESSOR_DEFINITIONS = (
					"DEBUG=1",
					"$(inherited)",
				);
				GCC_SYMBOLS_PRIVATE_EXTERN = NO;
				GCC_WARN_64_TO_32_BIT_CONVERSION = YES;
				GCC_WARN_ABOUT_RETURN_TYPE = YES_ERROR;
				GCC_WARN_UNDECLARED_SELECTOR = YES;
				GCC_WARN_UNINITIALIZED_AUTOS = YES_AGGRESSIVE;
				GCC_WARN_UNUSED_FUNCTION = YES;
				GCC_WARN_UNUSED_VARIABLE = YES;
				IPHONEOS_DEPLOYMENT_TARGET = 8.3;
				MTL_ENABLE_DEBUG_INFO = YES;
				ONLY_ACTIVE_ARCH = YES;
				SDKROOT = iphoneos;
			};
			name = Debug;
		};
		57EF53961B1DF68800575688 /* Release */ = {
			isa = XCBuildConfiguration;
			buildSettings = {
				ALWAYS_SEARCH_USER_PATHS = NO;
				CLANG_CXX_LANGUAGE_STANDARD = "gnu++0x";
				CLANG_CXX_LIBRARY = "libc++";
				CLANG_ENABLE_MODULES = YES;
				CLANG_ENABLE_OBJC_ARC = YES;
				CLANG_WARN_BOOL_CONVERSION = YES;
				CLANG_WARN_CONSTANT_CONVERSION = YES;
				CLANG_WARN_DIRECT_OBJC_ISA_USAGE = YES_ERROR;
				CLANG_WARN_EMPTY_BODY = YES;
				CLANG_WARN_ENUM_CONVERSION = YES;
				CLANG_WARN_INT_CONVERSION = YES;
				CLANG_WARN_OBJC_ROOT_CLASS = YES_ERROR;
				CLANG_WARN_UNREACHABLE_CODE = YES;
				CLANG_WARN__DUPLICATE_METHOD_MATCH = YES;
				"CODE_SIGN_IDENTITY[sdk=iphoneos*]" = "iPhone Developer";
				COPY_PHASE_STRIP = NO;
				DEBUG_INFORMATION_FORMAT = "dwarf-with-dsym";
				ENABLE_NS_ASSERTIONS = NO;
				ENABLE_STRICT_OBJC_MSGSEND = YES;
				GCC_C_LANGUAGE_STANDARD = gnu99;
				GCC_NO_COMMON_BLOCKS = YES;
				GCC_WARN_64_TO_32_BIT_CONVERSION = YES;
				GCC_WARN_ABOUT_RETURN_TYPE = YES_ERROR;
				GCC_WARN_UNDECLARED_SELECTOR = YES;
				GCC_WARN_UNINITIALIZED_AUTOS = YES_AGGRESSIVE;
				GCC_WARN_UNUSED_FUNCTION = YES;
				GCC_WARN_UNUSED_VARIABLE = YES;
				IPHONEOS_DEPLOYMENT_TARGET = 8.3;
				MTL_ENABLE_DEBUG_INFO = NO;
				SDKROOT = iphoneos;
				VALIDATE_PRODUCT = YES;
			};
			name = Release;
		};
		57EF53981B1DF68800575688 /* Debug */ = {
			isa = XCBuildConfiguration;
			buildSettings = {
				ASSETCATALOG_COMPILER_APPICON_NAME = AppIcon;
				INFOPLIST_FILE = DWFMS_MEMBER/Info.plist;
				IPHONEOS_DEPLOYMENT_TARGET = 7.1;
				LD_RUNPATH_SEARCH_PATHS = "$(inherited) @executable_path/Frameworks";
				PRODUCT_NAME = "$(TARGET_NAME)";
			};
			name = Debug;
		};
		57EF53991B1DF68800575688 /* Release */ = {
			isa = XCBuildConfiguration;
			buildSettings = {
				ASSETCATALOG_COMPILER_APPICON_NAME = AppIcon;
				INFOPLIST_FILE = DWFMS_MEMBER/Info.plist;
				IPHONEOS_DEPLOYMENT_TARGET = 7.1;
				LD_RUNPATH_SEARCH_PATHS = "$(inherited) @executable_path/Frameworks";
				PRODUCT_NAME = "$(TARGET_NAME)";
			};
			name = Release;
		};
		57EF539B1B1DF68800575688 /* Debug */ = {
			isa = XCBuildConfiguration;
			buildSettings = {
				BUNDLE_LOADER = "$(TEST_HOST)";
				FRAMEWORK_SEARCH_PATHS = (
					"$(SDKROOT)/Developer/Library/Frameworks",
					"$(inherited)",
				);
				GCC_PREPROCESSOR_DEFINITIONS = (
					"DEBUG=1",
					"$(inherited)",
				);
				INFOPLIST_FILE = DWFMS_MEMBERTests/Info.plist;
				LD_RUNPATH_SEARCH_PATHS = "$(inherited) @executable_path/Frameworks @loader_path/Frameworks";
				PRODUCT_NAME = "$(TARGET_NAME)";
				TEST_HOST = "$(BUILT_PRODUCTS_DIR)/DWFMS_MEMBER.app/DWFMS_MEMBER";
			};
			name = Debug;
		};
		57EF539C1B1DF68800575688 /* Release */ = {
			isa = XCBuildConfiguration;
			buildSettings = {
				BUNDLE_LOADER = "$(TEST_HOST)";
				FRAMEWORK_SEARCH_PATHS = (
					"$(SDKROOT)/Developer/Library/Frameworks",
					"$(inherited)",
				);
				INFOPLIST_FILE = DWFMS_MEMBERTests/Info.plist;
				LD_RUNPATH_SEARCH_PATHS = "$(inherited) @executable_path/Frameworks @loader_path/Frameworks";
				PRODUCT_NAME = "$(TARGET_NAME)";
				TEST_HOST = "$(BUILT_PRODUCTS_DIR)/DWFMS_MEMBER.app/DWFMS_MEMBER";
			};
			name = Release;
		};
/* End XCBuildConfiguration section */

/* Begin XCConfigurationList section */
		57EF536F1B1DF68700575688 /* Build configuration list for PBXProject "DWFMS_MEMBER" */ = {
			isa = XCConfigurationList;
			buildConfigurations = (
				57EF53951B1DF68800575688 /* Debug */,
				57EF53961B1DF68800575688 /* Release */,
			);
			defaultConfigurationIsVisible = 0;
			defaultConfigurationName = Release;
		};
		57EF53971B1DF68800575688 /* Build configuration list for PBXNativeTarget "DWFMS_MEMBER" */ = {
			isa = XCConfigurationList;
			buildConfigurations = (
				57EF53981B1DF68800575688 /* Debug */,
				57EF53991B1DF68800575688 /* Release */,
			);
			defaultConfigurationIsVisible = 0;
			defaultConfigurationName = Release;
		};
		57EF539A1B1DF68800575688 /* Build configuration list for PBXNativeTarget "DWFMS_MEMBERTests" */ = {
			isa = XCConfigurationList;
			buildConfigurations = (
				57EF539B1B1DF68800575688 /* Debug */,
				57EF539C1B1DF68800575688 /* Release */,
			);
			defaultConfigurationIsVisible = 0;
			defaultConfigurationName = Release;
		};
/* End XCConfigurationList section */
	};
	rootObject = 57EF536C1B1DF68700575688 /* Project object */;
}
